
Microsoft Visual Studio Solution File, Format Version 12.00
# Visual Studio Version 17
VisualStudioVersion = 17.0.31717.71
MinimumVisualStudioVersion = 10.0.40219.1
Project("{9A19103F-16F7-4668-BE54-9A1E7A4F7556}") = "NetApp.Pwa", "NetApp.Pwa.csproj", "{09C4A33E-203B-41FF-9ABC-E94878974E3B}"
EndProject
Global
	GlobalSection(SolutionConfigurationPlatforms) = preSolution
		Debug|Any CPU = Debug|Any CPU
		Release|Any CPU = Release|Any CPU
	EndGlobalSection
	GlobalSection(ProjectConfigurationPlatforms) = postSolution
		{09C4A33E-203B-41FF-9ABC-E94878974E3B}.Debug|Any CPU.ActiveCfg = Debug|Any CPU
		{09C4A33E-203B-41FF-9ABC-E94878974E3B}.Debug|Any CPU.Build.0 = Debug|Any CPU
		{09C4A33E-203B-41FF-9ABC-E94878974E3B}.Release|Any CPU.ActiveCfg = Release|Any CPU
		{09C4A33E-203B-41FF-9ABC-E94878974E3B}.Release|Any CPU.Build.0 = Release|Any CPU
	EndGlobalSection
	GlobalSection(SolutionProperties) = preSolution
		HideSolutionNode = FALSE
	EndGlobalSection
	GlobalSection(ExtensibilityGlobals) = postSolution
		SolutionGuid = {13485667-5055-49AC-89D8-256C5B6E9C8F}
	EndGlobalSection
EndGlobal